
Microsoft Visual Studio Solution File, Format Version 12.00
# Visual Studio Version 16
VisualStudioVersion = 16.0.29613.14
MinimumVisualStudioVersion = 10.0.40219.1
Project("{2150E333-8FDC-42A3-9474-1A3956D46DE8}") = "Microservices", "Microservices", "{057374D3-E288-4F8C-81AF-2743D58BF71B}"
EndProject
Project("{2150E333-8FDC-42A3-9474-1A3956D46DE8}") = "Domain", "Domain", "{F3E4871C-C01B-4B07-A7E8-8DF877E19A7B}"
EndProject
Project("{2150E333-8FDC-42A3-9474-1A3956D46DE8}") = "Infra.Bus", "Infra.Bus", "{E3C69028-40AE-4733-8C40-7B47F5705765}"
EndProject
Project("{2150E333-8FDC-42A3-9474-1A3956D46DE8}") = "Infra.IoC", "Infra.IoC", "{F1ECF924-F8B6-4D1D-9464-87EEB3FEBB1B}"
EndProject
Project("{2150E333-8FDC-42A3-9474-1A3956D46DE8}") = "Presentation", "Presentation", "{B61F89AC-C6C3-439F-8774-BB35D342BBF9}"
EndProject
Project("{9A19103F-16F7-4668-BE54-9A1E7A4F7556}") = "MicroRabbit.Domain.Core", "MicroRabbit.Domain.Core\MicroRabbit.Domain.Core.csproj", "{311D2F1C-A6AF-420B-9D48-B580BB13384A}"
EndProject
Project("{FAE04EC0-301F-11D3-BF4B-00C04F79EFBC}") = "MicroRabbit.Infra.Bus", "MicroRabbit.Infra.Bus\MicroRabbit.Infra.Bus.csproj", "{D38137DA-3C2D-418B-A909-B484B6F228FB}"
EndProject
Project("{FAE04EC0-301F-11D3-BF4B-00C04F79EFBC}") = "MicroRabbit.Infra.IoC", "MicroRabbit.Infra.IoC\MicroRabbit.Infra.IoC.csproj", "{4920B7D8-08EF-490C-8762-04C8D5039FE4}"
EndProject
Project("{2150E333-8FDC-42A3-9474-1A3956D46DE8}") = "Banking", "Banking", "{2D28EF13-BA46-49B2-9C43-CCFDB1DBE7FD}"
EndProject
Project("{2150E333-8FDC-42A3-9474-1A3956D46DE8}") = "Api", "Api", "{662F8069-12DE-4DAF-AD90-F7A94A91470D}"
EndProject
Project("{2150E333-8FDC-42A3-9474-1A3956D46DE8}") = "Application", "Application", "{3841DB85-8600-4943-8C34-77DA5D09C66B}"
EndProject
Project("{2150E333-8FDC-42A3-9474-1A3956D46DE8}") = "Data", "Data", "{8AEAF9AB-845A-4617-B001-077316A3449D}"
EndProject
Project("{2150E333-8FDC-42A3-9474-1A3956D46DE8}") = "Domain", "Domain", "{5D8F6AD2-E630-4E84-ABEB-A3610AD0C297}"
EndProject
Project("{FAE04EC0-301F-11D3-BF4B-00C04F79EFBC}") = "MicroRabbit.Banking.Application", "MicroRabbit.Banking.Application\MicroRabbit.Banking.Application.csproj", "{2AA0F1C0-E921-4562-973A-30025A1B51B1}"
EndProject
Project("{FAE04EC0-301F-11D3-BF4B-00C04F79EFBC}") = "MicroRabbit.Banking.Data", "MicroRabbit.Banking.Data\MicroRabbit.Banking.Data.csproj", "{4F3ED637-1763-4174-8D88-50CBCEAA00F2}"
EndProject
Project("{FAE04EC0-301F-11D3-BF4B-00C04F79EFBC}") = "MicroRabbit.Banking.Domain", "MicroRabbit.Banking.Domain\MicroRabbit.Banking.Domain.csproj", "{C9B6EC42-4D60-442D-BB3A-C441BD67E1C9}"
EndProject
Project("{FAE04EC0-301F-11D3-BF4B-00C04F79EFBC}") = "MicroRabbit.Banking.Api", "MicroRabbit.Banking.Api\MicroRabbit.Banking.Api.csproj", "{550657B9-DD72-409C-BF4C-0ECE026A55CB}"
EndProject
Project("{2150E333-8FDC-42A3-9474-1A3956D46DE8}") = "Transfer", "Transfer", "{C4F97908-BF14-4591-BFE6-01C37B7EC52F}"
EndProject
Project("{2150E333-8FDC-42A3-9474-1A3956D46DE8}") = "Api", "Api", "{A812F748-F66B-4156-B368-925F23831223}"
EndProject
Project("{2150E333-8FDC-42A3-9474-1A3956D46DE8}") = "Application", "Application", "{55705F7C-C28B-4ECA-887F-B90C0284305C}"
EndProject
Project("{2150E333-8FDC-42A3-9474-1A3956D46DE8}") = "Data", "Data", "{ECF7DB4E-3E60-4E22-9C7D-C0AAF265AB88}"
EndProject
Project("{2150E333-8FDC-42A3-9474-1A3956D46DE8}") = "Domain", "Domain", "{8610084F-DE38-4090-82E5-662FDD2EF7FB}"
EndProject
Project("{FAE04EC0-301F-11D3-BF4B-00C04F79EFBC}") = "MicroRabbit.Transfer.Api", "MicroRabbit.Transfer.Api\MicroRabbit.Transfer.Api.csproj", "{EE8F4B47-E290-40B0-B3DD-297B8E1A4F86}"
EndProject
Project("{FAE04EC0-301F-11D3-BF4B-00C04F79EFBC}") = "MicroRabbit.Transfer.Application", "MicroRabbit.Transfer.Application\MicroRabbit.Transfer.Application.csproj", "{71D80398-855A-40A7-935F-51473701344B}"
EndProject
Project("{FAE04EC0-301F-11D3-BF4B-00C04F79EFBC}") = "MicroRabbit.Transfer.Data", "MicroRabbit.Transfer.Data\MicroRabbit.Transfer.Data.csproj", "{0F80268F-4855-4AFF-857A-19AF72778E3E}"
EndProject
Project("{FAE04EC0-301F-11D3-BF4B-00C04F79EFBC}") = "MicroRabbit.Transfer.Domain", "MicroRabbit.Transfer.Domain\MicroRabbit.Transfer.Domain.csproj", "{FA518EA2-F032-4F12-9EA2-986235B992E0}"
EndProject
Global
	GlobalSection(SolutionConfigurationPlatforms) = preSolution
		Debug|Any CPU = Debug|Any CPU
		Release|Any CPU = Release|Any CPU
	EndGlobalSection
	GlobalSection(ProjectConfigurationPlatforms) = postSolution
		{311D2F1C-A6AF-420B-9D48-B580BB13384A}.Debug|Any CPU.ActiveCfg = Debug|Any CPU
		{311D2F1C-A6AF-420B-9D48-B580BB13384A}.Debug|Any CPU.Build.0 = Debug|Any CPU
		{311D2F1C-A6AF-420B-9D48-B580BB13384A}.Release|Any CPU.ActiveCfg = Release|Any CPU
		{311D2F1C-A6AF-420B-9D48-B580BB13384A}.Release|Any CPU.Build.0 = Release|Any CPU
		{D38137DA-3C2D-418B-A909-B484B6F228FB}.Debug|Any CPU.ActiveCfg = Debug|Any CPU
		{D38137DA-3C2D-418B-A909-B484B6F228FB}.Debug|Any CPU.Build.0 = Debug|Any CPU
		{D38137DA-3C2D-418B-A909-B484B6F228FB}.Release|Any CPU.ActiveCfg = Release|Any CPU
		{D38137DA-3C2D-418B-A909-B484B6F228FB}.Release|Any CPU.Build.0 = Release|Any CPU
		{4920B7D8-08EF-490C-8762-04C8D5039FE4}.Debug|Any CPU.ActiveCfg = Debug|Any CPU
		{4920B7D8-08EF-490C-8762-04C8D5039FE4}.Debug|Any CPU.Build.0 = Debug|Any CPU
		{4920B7D8-08EF-490C-8762-04C8D5039FE4}.Release|Any CPU.ActiveCfg = Release|Any CPU
		{4920B7D8-08EF-490C-8762-04C8D5039FE4}.Release|Any CPU.Build.0 = Release|Any CPU
		{2AA0F1C0-E921-4562-973A-30025A1B51B1}.Debug|Any CPU.ActiveCfg = Debug|Any CPU
		{2AA0F1C0-E921-4562-973A-30025A1B51B1}.Debug|Any CPU.Build.0 = Debug|Any CPU
		{2AA0F1C0-E921-4562-973A-30025A1B51B1}.Release|Any CPU.ActiveCfg = Release|Any CPU
		{2AA0F1C0-E921-4562-973A-30025A1B51B1}.Release|Any CPU.Build.0 = Release|Any CPU
		{4F3ED637-1763-4174-8D88-50CBCEAA00F2}.Debug|Any CPU.ActiveCfg = Debug|Any CPU
		{4F3ED637-1763-4174-8D88-50CBCEAA00F2}.Debug|Any CPU.Build.0 = Debug|Any CPU
		{4F3ED637-1763-4174-8D88-50CBCEAA00F2}.Release|Any CPU.ActiveCfg = Release|Any CPU
		{4F3ED637-1763-4174-8D88-50CBCEAA00F2}.Release|Any CPU.Build.0 = Release|Any CPU
		{C9B6EC42-4D60-442D-BB3A-C441BD67E1C9}.Debug|Any CPU.ActiveCfg = Debug|Any CPU
		{C9B6EC42-4D60-442D-BB3A-C441BD67E1C9}.Debug|Any CPU.Build.0 = Debug|Any CPU
		{C9B6EC42-4D60-442D-BB3A-C441BD67E1C9}.Release|Any CPU.ActiveCfg = Release|Any CPU
		{C9B6EC42-4D60-442D-BB3A-C441BD67E1C9}.Release|Any CPU.Build.0 = Release|Any CPU
		{550657B9-DD72-409C-BF4C-0ECE026A55CB}.Debug|Any CPU.ActiveCfg = Debug|Any CPU
		{550657B9-DD72-409C-BF4C-0ECE026A55CB}.Debug|Any CPU.Build.0 = Debug|Any CPU
		{550657B9-DD72-409C-BF4C-0ECE026A55CB}.Release|Any CPU.ActiveCfg = Release|Any CPU
		{550657B9-DD72-409C-BF4C-0ECE026A55CB}.Release|Any CPU.Build.0 = Release|Any CPU
		{EE8F4B47-E290-40B0-B3DD-297B8E1A4F86}.Debug|Any CPU.ActiveCfg = Debug|Any CPU
		{EE8F4B47-E290-40B0-B3DD-297B8E1A4F86}.Debug|Any CPU.Build.0 = Debug|Any CPU
		{EE8F4B47-E290-40B0-B3DD-297B8E1A4F86}.Release|Any CPU.ActiveCfg = Release|Any CPU
		{EE8F4B47-E290-40B0-B3DD-297B8E1A4F86}.Release|Any CPU.Build.0 = Release|Any CPU
		{71D80398-855A-40A7-935F-51473701344B}.Debug|Any CPU.ActiveCfg = Debug|Any CPU
		{71D80398-855A-40A7-935F-51473701344B}.Debug|Any CPU.Build.0 = Debug|Any CPU
		{71D80398-855A-40A7-935F-51473701344B}.Release|Any CPU.ActiveCfg = Release|Any CPU
		{71D80398-855A-40A7-935F-51473701344B}.Release|Any CPU.Build.0 = Release|Any CPU
		{0F80268F-4855-4AFF-857A-19AF72778E3E}.Debug|Any CPU.ActiveCfg = Debug|Any CPU
		{0F80268F-4855-4AFF-857A-19AF72778E3E}.Debug|Any CPU.Build.0 = Debug|Any CPU
		{0F80268F-4855-4AFF-857A-19AF72778E3E}.Release|Any CPU.ActiveCfg = Release|Any CPU
		{0F80268F-4855-4AFF-857A-19AF72778E3E}.Release|Any CPU.Build.0 = Release|Any CPU
		{FA518EA2-F032-4F12-9EA2-986235B992E0}.Debug|Any CPU.ActiveCfg = Debug|Any CPU
		{FA518EA2-F032-4F12-9EA2-986235B992E0}.Debug|Any CPU.Build.0 = Debug|Any CPU
		{FA518EA2-F032-4F12-9EA2-986235B992E0}.Release|Any CPU.ActiveCfg = Release|Any CPU
		{FA518EA2-F032-4F12-9EA2-986235B992E0}.Release|Any CPU.Build.0 = Release|Any CPU
	EndGlobalSection
	GlobalSection(SolutionProperties) = preSolution
		HideSolutionNode = FALSE
	EndGlobalSection
	GlobalSection(NestedProjects) = preSolution
		{311D2F1C-A6AF-420B-9D48-B580BB13384A} = {F3E4871C-C01B-4B07-A7E8-8DF877E19A7B}
		{D38137DA-3C2D-418B-A909-B484B6F228FB} = {E3C69028-40AE-4733-8C40-7B47F5705765}
		{4920B7D8-08EF-490C-8762-04C8D5039FE4} = {F1ECF924-F8B6-4D1D-9464-87EEB3FEBB1B}
		{2D28EF13-BA46-49B2-9C43-CCFDB1DBE7FD} = {057374D3-E288-4F8C-81AF-2743D58BF71B}
		{662F8069-12DE-4DAF-AD90-F7A94A91470D} = {2D28EF13-BA46-49B2-9C43-CCFDB1DBE7FD}
		{3841DB85-8600-4943-8C34-77DA5D09C66B} = {2D28EF13-BA46-49B2-9C43-CCFDB1DBE7FD}
		{8AEAF9AB-845A-4617-B001-077316A3449D} = {2D28EF13-BA46-49B2-9C43-CCFDB1DBE7FD}
		{5D8F6AD2-E630-4E84-ABEB-A3610AD0C297} = {2D28EF13-BA46-49B2-9C43-CCFDB1DBE7FD}
		{2AA0F1C0-E921-4562-973A-30025A1B51B1} = {3841DB85-8600-4943-8C34-77DA5D09C66B}
		{4F3ED637-1763-4174-8D88-50CBCEAA00F2} = {8AEAF9AB-845A-4617-B001-077316A3449D}
		{C9B6EC42-4D60-442D-BB3A-C441BD67E1C9} = {5D8F6AD2-E630-4E84-ABEB-A3610AD0C297}
		{550657B9-DD72-409C-BF4C-0ECE026A55CB} = {662F8069-12DE-4DAF-AD90-F7A94A91470D}
		{C4F97908-BF14-4591-BFE6-01C37B7EC52F} = {057374D3-E288-4F8C-81AF-2743D58BF71B}
		{A812F748-F66B-4156-B368-925F23831223} = {C4F97908-BF14-4591-BFE6-01C37B7EC52F}
		{55705F7C-C28B-4ECA-887F-B90C0284305C} = {C4F97908-BF14-4591-BFE6-01C37B7EC52F}
		{ECF7DB4E-3E60-4E22-9C7D-C0AAF265AB88} = {C4F97908-BF14-4591-BFE6-01C37B7EC52F}
		{8610084F-DE38-4090-82E5-662FDD2EF7FB} = {C4F97908-BF14-4591-BFE6-01C37B7EC52F}
		{EE8F4B47-E290-40B0-B3DD-297B8E1A4F86} = {A812F748-F66B-4156-B368-925F23831223}
		{71D80398-855A-40A7-935F-51473701344B} = {55705F7C-C28B-4ECA-887F-B90C0284305C}
		{0F80268F-4855-4AFF-857A-19AF72778E3E} = {ECF7DB4E-3E60-4E22-9C7D-C0AAF265AB88}
		{FA518EA2-F032-4F12-9EA2-986235B992E0} = {8610084F-DE38-4090-82E5-662FDD2EF7FB}
	EndGlobalSection
	GlobalSection(ExtensibilityGlobals) = postSolution
		SolutionGuid = {782F807B-7BBE-4A49-A53B-E03909B0FC30}
	EndGlobalSection
EndGlobal
