
Microsoft Visual Studio Solution File, Format Version 12.00
# Visual Studio Version 16
VisualStudioVersion = 16.0.29613.14
MinimumVisualStudioVersion = 10.0.40219.1
Project("{2150E333-8FDC-42A3-9474-1A3956D46DE8}") = "Microservices", "Microservices", "{057374D3-E288-4F8C-81AF-2743D58BF71B}"
EndProject
Project("{2150E333-8FDC-42A3-9474-1A3956D46DE8}") = "Domain", "Domain", "{F3E4871C-C01B-4B07-A7E8-8DF877E19A7B}"
EndProject
Project("{2150E333-8FDC-42A3-9474-1A3956D46DE8}") = "Infra.Bus", "Infra.Bus", "{E3C69028-40AE-4733-8C40-7B47F5705765}"
EndProject
Project("{2150E333-8FDC-42A3-9474-1A3956D46DE8}") = "Infra.IoC", "Infra.IoC", "{F1ECF924-F8B6-4D1D-9464-87EEB3FEBB1B}"
EndProject
Project("{2150E333-8FDC-42A3-9474-1A3956D46DE8}") = "Presentation", "Presentation", "{B61F89AC-C6C3-439F-8774-BB35D342BBF9}"
EndProject
Project("{FAE04EC0-301F-11D3-BF4B-00C04F79EFBC}") = "MicroRabbit.Domain.Core", "MicroRabbit.Domain.Core\MicroRabbit.Domain.Core.csproj", "{311D2F1C-A6AF-420B-9D48-B580BB13384A}"
EndProject
Global
	GlobalSection(SolutionConfigurationPlatforms) = preSolution
		Debug|Any CPU = Debug|Any CPU
		Release|Any CPU = Release|Any CPU
	EndGlobalSection
	GlobalSection(ProjectConfigurationPlatforms) = postSolution
		{311D2F1C-A6AF-420B-9D48-B580BB13384A}.Debug|Any CPU.ActiveCfg = Debug|Any CPU
		{311D2F1C-A6AF-420B-9D48-B580BB13384A}.Debug|Any CPU.Build.0 = Debug|Any CPU
		{311D2F1C-A6AF-420B-9D48-B580BB13384A}.Release|Any CPU.ActiveCfg = Release|Any CPU
		{311D2F1C-A6AF-420B-9D48-B580BB13384A}.Release|Any CPU.Build.0 = Release|Any CPU
	EndGlobalSection
	GlobalSection(SolutionProperties) = preSolution
		HideSolutionNode = FALSE
	EndGlobalSection
	GlobalSection(NestedProjects) = preSolution
		{311D2F1C-A6AF-420B-9D48-B580BB13384A} = {F3E4871C-C01B-4B07-A7E8-8DF877E19A7B}
	EndGlobalSection
	GlobalSection(ExtensibilityGlobals) = postSolution
		SolutionGuid = {782F807B-7BBE-4A49-A53B-E03909B0FC30}
	EndGlobalSection
EndGlobal
